
Microsoft Visual Studio Solution File, Format Version 12.00
# Visual Studio Version 17
VisualStudioVersion = 17.5.002.0
MinimumVisualStudioVersion = 10.0.40219.1
Project("{9A19103F-16F7-4668-BE54-9A1E7A4F7556}") = "01", "01.csproj", "{0CE452FB-0783-4CD6-B71E-6391BF3493AC}"
EndProject
Global
	GlobalSection(SolutionConfigurationPlatforms) = preSolution
		Debug|Any CPU = Debug|Any CPU
		Release|Any CPU = Release|Any CPU
	EndGlobalSection
	GlobalSection(ProjectConfigurationPlatforms) = postSolution
		{0CE452FB-0783-4CD6-B71E-6391BF3493AC}.Debug|Any CPU.ActiveCfg = Debug|Any CPU
		{0CE452FB-0783-4CD6-B71E-6391BF3493AC}.Debug|Any CPU.Build.0 = Debug|Any CPU
		{0CE452FB-0783-4CD6-B71E-6391BF3493AC}.Release|Any CPU.ActiveCfg = Release|Any CPU
		{0CE452FB-0783-4CD6-B71E-6391BF3493AC}.Release|Any CPU.Build.0 = Release|Any CPU
	EndGlobalSection
	GlobalSection(SolutionProperties) = preSolution
		HideSolutionNode = FALSE
	EndGlobalSection
	GlobalSection(ExtensibilityGlobals) = postSolution
		SolutionGuid = {BA33012D-86AE-41A5-A5E1-8F408D6E2061}
	EndGlobalSection
EndGlobal
